
Microsoft Visual Studio Solution File, Format Version 12.00
Project("{FAE04EC0-301F-11D3-BF4B-00C04F79EFBC}") = "CSharp", "CSharp\CSharp.csproj", "{9F35BB0B-000E-4AA2-8A58-8DF3DAB9C0F2}"
EndProject
Project("{FAE04EC0-301F-11D3-BF4B-00C04F79EFBC}") = "Task2", "Task2\Task2.csproj", "{A0925A6E-9C8B-4C33-BB5D-AACB02CA0E4A}"
EndProject
Project("{FAE04EC0-301F-11D3-BF4B-00C04F79EFBC}") = "Task3", "Task3\Task3.csproj", "{FDCA1AAA-0816-4416-B7A2-020E835B7F48}"
EndProject
Project("{FAE04EC0-301F-11D3-BF4B-00C04F79EFBC}") = "Task5", "Task5\Task5.csproj", "{640B2487-8051-463F-BA16-1D7F1C4B7D23}"
EndProject
Project("{FAE04EC0-301F-11D3-BF4B-00C04F79EFBC}") = "Task4_2", "Task4_2\Task4_2.csproj", "{63258106-2FD5-415B-B5FD-6F46734D43F6}"
EndProject
Project("{FAE04EC0-301F-11D3-BF4B-00C04F79EFBC}") = "CarApp", "CarApp\CarApp.csproj", "{655BF705-023A-4E1C-9F1C-AB637F69B0B8}"
EndProject
Project("{FAE04EC0-301F-11D3-BF4B-00C04F79EFBC}") = "Task6_2", "Task6_2\Task6_2.csproj", "{F623621E-E3D3-4A21-BB58-915BB9C918C3}"
EndProject
Global
	GlobalSection(SolutionConfigurationPlatforms) = preSolution
		Debug|Any CPU = Debug|Any CPU
		Release|Any CPU = Release|Any CPU
	EndGlobalSection
	GlobalSection(ProjectConfigurationPlatforms) = postSolution
		{9F35BB0B-000E-4AA2-8A58-8DF3DAB9C0F2}.Debug|Any CPU.ActiveCfg = Debug|Any CPU
		{9F35BB0B-000E-4AA2-8A58-8DF3DAB9C0F2}.Debug|Any CPU.Build.0 = Debug|Any CPU
		{9F35BB0B-000E-4AA2-8A58-8DF3DAB9C0F2}.Release|Any CPU.ActiveCfg = Release|Any CPU
		{9F35BB0B-000E-4AA2-8A58-8DF3DAB9C0F2}.Release|Any CPU.Build.0 = Release|Any CPU
		{A0925A6E-9C8B-4C33-BB5D-AACB02CA0E4A}.Debug|Any CPU.ActiveCfg = Debug|Any CPU
		{A0925A6E-9C8B-4C33-BB5D-AACB02CA0E4A}.Debug|Any CPU.Build.0 = Debug|Any CPU
		{A0925A6E-9C8B-4C33-BB5D-AACB02CA0E4A}.Release|Any CPU.ActiveCfg = Release|Any CPU
		{A0925A6E-9C8B-4C33-BB5D-AACB02CA0E4A}.Release|Any CPU.Build.0 = Release|Any CPU
		{FDCA1AAA-0816-4416-B7A2-020E835B7F48}.Debug|Any CPU.ActiveCfg = Debug|Any CPU
		{FDCA1AAA-0816-4416-B7A2-020E835B7F48}.Debug|Any CPU.Build.0 = Debug|Any CPU
		{FDCA1AAA-0816-4416-B7A2-020E835B7F48}.Release|Any CPU.ActiveCfg = Release|Any CPU
		{FDCA1AAA-0816-4416-B7A2-020E835B7F48}.Release|Any CPU.Build.0 = Release|Any CPU
		{640B2487-8051-463F-BA16-1D7F1C4B7D23}.Debug|Any CPU.ActiveCfg = Debug|Any CPU
		{640B2487-8051-463F-BA16-1D7F1C4B7D23}.Debug|Any CPU.Build.0 = Debug|Any CPU
		{640B2487-8051-463F-BA16-1D7F1C4B7D23}.Release|Any CPU.ActiveCfg = Release|Any CPU
		{640B2487-8051-463F-BA16-1D7F1C4B7D23}.Release|Any CPU.Build.0 = Release|Any CPU
		{63258106-2FD5-415B-B5FD-6F46734D43F6}.Debug|Any CPU.ActiveCfg = Debug|Any CPU
		{63258106-2FD5-415B-B5FD-6F46734D43F6}.Debug|Any CPU.Build.0 = Debug|Any CPU
		{63258106-2FD5-415B-B5FD-6F46734D43F6}.Release|Any CPU.ActiveCfg = Release|Any CPU
		{63258106-2FD5-415B-B5FD-6F46734D43F6}.Release|Any CPU.Build.0 = Release|Any CPU
		{655BF705-023A-4E1C-9F1C-AB637F69B0B8}.Debug|Any CPU.ActiveCfg = Debug|Any CPU
		{655BF705-023A-4E1C-9F1C-AB637F69B0B8}.Debug|Any CPU.Build.0 = Debug|Any CPU
		{655BF705-023A-4E1C-9F1C-AB637F69B0B8}.Release|Any CPU.ActiveCfg = Release|Any CPU
		{655BF705-023A-4E1C-9F1C-AB637F69B0B8}.Release|Any CPU.Build.0 = Release|Any CPU
		{F623621E-E3D3-4A21-BB58-915BB9C918C3}.Debug|Any CPU.ActiveCfg = Debug|Any CPU
		{F623621E-E3D3-4A21-BB58-915BB9C918C3}.Debug|Any CPU.Build.0 = Debug|Any CPU
		{F623621E-E3D3-4A21-BB58-915BB9C918C3}.Release|Any CPU.ActiveCfg = Release|Any CPU
		{F623621E-E3D3-4A21-BB58-915BB9C918C3}.Release|Any CPU.Build.0 = Release|Any CPU
	EndGlobalSection
EndGlobal
